
Microsoft Visual Studio Solution File, Format Version 12.00
# Visual Studio 15
VisualStudioVersion = 15.0.26124.0
MinimumVisualStudioVersion = 15.0.26124.0
Project("{FAE04EC0-301F-11D3-BF4B-00C04F79EFBC}") = "Domain", "Domain\Domain.csproj", "{437DBC46-49C9-45B3-8778-E970C6DBB252}"
EndProject
Project("{FAE04EC0-301F-11D3-BF4B-00C04F79EFBC}") = "API", "API\API.csproj", "{EF4F699D-E2BC-437C-996B-4006AD63BE26}"
EndProject
Project("{FAE04EC0-301F-11D3-BF4B-00C04F79EFBC}") = "Application", "Application\Application.csproj", "{4AD92112-0CF8-4418-B15F-7B8F62B499AD}"
EndProject
Project("{FAE04EC0-301F-11D3-BF4B-00C04F79EFBC}") = "Persistence", "Persistence\Persistence.csproj", "{D8086DC4-6D4C-493E-A536-0EC98DAB13BA}"
EndProject
Global
	GlobalSection(SolutionConfigurationPlatforms) = preSolution
		Debug|Any CPU = Debug|Any CPU
		Debug|x64 = Debug|x64
		Debug|x86 = Debug|x86
		Release|Any CPU = Release|Any CPU
		Release|x64 = Release|x64
		Release|x86 = Release|x86
	EndGlobalSection
	GlobalSection(SolutionProperties) = preSolution
		HideSolutionNode = FALSE
	EndGlobalSection
	GlobalSection(ProjectConfigurationPlatforms) = postSolution
		{437DBC46-49C9-45B3-8778-E970C6DBB252}.Debug|Any CPU.ActiveCfg = Debug|Any CPU
		{437DBC46-49C9-45B3-8778-E970C6DBB252}.Debug|Any CPU.Build.0 = Debug|Any CPU
		{437DBC46-49C9-45B3-8778-E970C6DBB252}.Debug|x64.ActiveCfg = Debug|Any CPU
		{437DBC46-49C9-45B3-8778-E970C6DBB252}.Debug|x64.Build.0 = Debug|Any CPU
		{437DBC46-49C9-45B3-8778-E970C6DBB252}.Debug|x86.ActiveCfg = Debug|Any CPU
		{437DBC46-49C9-45B3-8778-E970C6DBB252}.Debug|x86.Build.0 = Debug|Any CPU
		{437DBC46-49C9-45B3-8778-E970C6DBB252}.Release|Any CPU.ActiveCfg = Release|Any CPU
		{437DBC46-49C9-45B3-8778-E970C6DBB252}.Release|Any CPU.Build.0 = Release|Any CPU
		{437DBC46-49C9-45B3-8778-E970C6DBB252}.Release|x64.ActiveCfg = Release|Any CPU
		{437DBC46-49C9-45B3-8778-E970C6DBB252}.Release|x64.Build.0 = Release|Any CPU
		{437DBC46-49C9-45B3-8778-E970C6DBB252}.Release|x86.ActiveCfg = Release|Any CPU
		{437DBC46-49C9-45B3-8778-E970C6DBB252}.Release|x86.Build.0 = Release|Any CPU
		{EF4F699D-E2BC-437C-996B-4006AD63BE26}.Debug|Any CPU.ActiveCfg = Debug|Any CPU
		{EF4F699D-E2BC-437C-996B-4006AD63BE26}.Debug|Any CPU.Build.0 = Debug|Any CPU
		{EF4F699D-E2BC-437C-996B-4006AD63BE26}.Debug|x64.ActiveCfg = Debug|Any CPU
		{EF4F699D-E2BC-437C-996B-4006AD63BE26}.Debug|x64.Build.0 = Debug|Any CPU
		{EF4F699D-E2BC-437C-996B-4006AD63BE26}.Debug|x86.ActiveCfg = Debug|Any CPU
		{EF4F699D-E2BC-437C-996B-4006AD63BE26}.Debug|x86.Build.0 = Debug|Any CPU
		{EF4F699D-E2BC-437C-996B-4006AD63BE26}.Release|Any CPU.ActiveCfg = Release|Any CPU
		{EF4F699D-E2BC-437C-996B-4006AD63BE26}.Release|Any CPU.Build.0 = Release|Any CPU
		{EF4F699D-E2BC-437C-996B-4006AD63BE26}.Release|x64.ActiveCfg = Release|Any CPU
		{EF4F699D-E2BC-437C-996B-4006AD63BE26}.Release|x64.Build.0 = Release|Any CPU
		{EF4F699D-E2BC-437C-996B-4006AD63BE26}.Release|x86.ActiveCfg = Release|Any CPU
		{EF4F699D-E2BC-437C-996B-4006AD63BE26}.Release|x86.Build.0 = Release|Any CPU
		{4AD92112-0CF8-4418-B15F-7B8F62B499AD}.Debug|Any CPU.ActiveCfg = Debug|Any CPU
		{4AD92112-0CF8-4418-B15F-7B8F62B499AD}.Debug|Any CPU.Build.0 = Debug|Any CPU
		{4AD92112-0CF8-4418-B15F-7B8F62B499AD}.Debug|x64.ActiveCfg = Debug|Any CPU
		{4AD92112-0CF8-4418-B15F-7B8F62B499AD}.Debug|x64.Build.0 = Debug|Any CPU
		{4AD92112-0CF8-4418-B15F-7B8F62B499AD}.Debug|x86.ActiveCfg = Debug|Any CPU
		{4AD92112-0CF8-4418-B15F-7B8F62B499AD}.Debug|x86.Build.0 = Debug|Any CPU
		{4AD92112-0CF8-4418-B15F-7B8F62B499AD}.Release|Any CPU.ActiveCfg = Release|Any CPU
		{4AD92112-0CF8-4418-B15F-7B8F62B499AD}.Release|Any CPU.Build.0 = Release|Any CPU
		{4AD92112-0CF8-4418-B15F-7B8F62B499AD}.Release|x64.ActiveCfg = Release|Any CPU
		{4AD92112-0CF8-4418-B15F-7B8F62B499AD}.Release|x64.Build.0 = Release|Any CPU
		{4AD92112-0CF8-4418-B15F-7B8F62B499AD}.Release|x86.ActiveCfg = Release|Any CPU
		{4AD92112-0CF8-4418-B15F-7B8F62B499AD}.Release|x86.Build.0 = Release|Any CPU
		{D8086DC4-6D4C-493E-A536-0EC98DAB13BA}.Debug|Any CPU.ActiveCfg = Debug|Any CPU
		{D8086DC4-6D4C-493E-A536-0EC98DAB13BA}.Debug|Any CPU.Build.0 = Debug|Any CPU
		{D8086DC4-6D4C-493E-A536-0EC98DAB13BA}.Debug|x64.ActiveCfg = Debug|Any CPU
		{D8086DC4-6D4C-493E-A536-0EC98DAB13BA}.Debug|x64.Build.0 = Debug|Any CPU
		{D8086DC4-6D4C-493E-A536-0EC98DAB13BA}.Debug|x86.ActiveCfg = Debug|Any CPU
		{D8086DC4-6D4C-493E-A536-0EC98DAB13BA}.Debug|x86.Build.0 = Debug|Any CPU
		{D8086DC4-6D4C-493E-A536-0EC98DAB13BA}.Release|Any CPU.ActiveCfg = Release|Any CPU
		{D8086DC4-6D4C-493E-A536-0EC98DAB13BA}.Release|Any CPU.Build.0 = Release|Any CPU
		{D8086DC4-6D4C-493E-A536-0EC98DAB13BA}.Release|x64.ActiveCfg = Release|Any CPU
		{D8086DC4-6D4C-493E-A536-0EC98DAB13BA}.Release|x64.Build.0 = Release|Any CPU
		{D8086DC4-6D4C-493E-A536-0EC98DAB13BA}.Release|x86.ActiveCfg = Release|Any CPU
		{D8086DC4-6D4C-493E-A536-0EC98DAB13BA}.Release|x86.Build.0 = Release|Any CPU
	EndGlobalSection
EndGlobal
